
Microsoft Visual Studio Solution File, Format Version 12.00
# Visual Studio 15
VisualStudioVersion = 15.0.27130.2036
MinimumVisualStudioVersion = 10.0.40219.1
Project("{8BC9CEB8-8B4A-11D0-8D11-00A0C91BC942}") = "Bootstrap", "bootstrap\Bootstrap.vcxproj", "{AF59BB0B-E059-4773-83DC-728A949647DA}"
EndProject
Project("{8BC9CEB8-8B4A-11D0-8D11-00A0C91BC942}") = "Tutorial - Agents", "Agents\Agents.vcxproj", "{DEA49362-B428-4215-8D64-4EA0B4FF0858}"
	ProjectSection(ProjectDependencies) = postProject
		{AF59BB0B-E059-4773-83DC-728A949647DA} = {AF59BB0B-E059-4773-83DC-728A949647DA}
		{899DF1EF-E313-4D2D-B191-6AA87554D2A0} = {899DF1EF-E313-4D2D-B191-6AA87554D2A0}
	EndProjectSection
EndProject
Project("{8BC9CEB8-8B4A-11D0-8D11-00A0C91BC942}") = "MathLib", "MathLib\MathLib.vcxproj", "{899DF1EF-E313-4D2D-B191-6AA87554D2A0}"
EndProject
Project("{8BC9CEB8-8B4A-11D0-8D11-00A0C91BC942}") = "Tutorial - Finite State Machines", "Tutorial - Finite State Machines\Tutorial - Finite State Machines.vcxproj", "{85F6AE7A-4C49-48AB-B0A8-B3CEE69BD163}"
	ProjectSection(ProjectDependencies) = postProject
		{AF59BB0B-E059-4773-83DC-728A949647DA} = {AF59BB0B-E059-4773-83DC-728A949647DA}
		{899DF1EF-E313-4D2D-B191-6AA87554D2A0} = {899DF1EF-E313-4D2D-B191-6AA87554D2A0}
	EndProjectSection
EndProject
Project("{8BC9CEB8-8B4A-11D0-8D11-00A0C91BC942}") = "Tutorial - Steering Behaviours", "Tutorial - Steering Behaviours\Tutorial - Steering Behaviours.vcxproj", "{ADA9CF3C-6C12-4F87-B29E-03B12BC62E6F}"
	ProjectSection(ProjectDependencies) = postProject
		{AF59BB0B-E059-4773-83DC-728A949647DA} = {AF59BB0B-E059-4773-83DC-728A949647DA}
		{899DF1EF-E313-4D2D-B191-6AA87554D2A0} = {899DF1EF-E313-4D2D-B191-6AA87554D2A0}
	EndProjectSection
EndProject
Project("{8BC9CEB8-8B4A-11D0-8D11-00A0C91BC942}") = "Assignment - Map", "Assignment - Map\Assignment - Map.vcxproj", "{04A8F603-B1C6-4BD9-AADD-75BE7AEB4AE4}"
EndProject
Project("{8BC9CEB8-8B4A-11D0-8D11-00A0C91BC942}") = "Tutorial - Pathfinding", "Tutorial - Pathfinding\Tutorial - Pathfinding.vcxproj", "{13CEB06F-9AAD-47C3-AE2C-320EE63E3B88}"
EndProject
Project("{8BC9CEB8-8B4A-11D0-8D11-00A0C91BC942}") = "Tutorial - Pathfinding 2", "Tutorial - Pathfinding 2\Tutorial - Pathfinding 2.vcxproj", "{65DF8BAE-31D9-4120-A47E-7F30A0EE3459}"
EndProject
Project("{8BC9CEB8-8B4A-11D0-8D11-00A0C91BC942}") = "Assignment - AI Implementation", "Assignment - AI Implementation\Assignment - AI Implementation.vcxproj", "{38F6C5D5-DB29-4FD4-94DE-BDCEFDFDA443}"
	ProjectSection(ProjectDependencies) = postProject
		{AF59BB0B-E059-4773-83DC-728A949647DA} = {AF59BB0B-E059-4773-83DC-728A949647DA}
		{899DF1EF-E313-4D2D-B191-6AA87554D2A0} = {899DF1EF-E313-4D2D-B191-6AA87554D2A0}
	EndProjectSection
EndProject
Global
	GlobalSection(SolutionConfigurationPlatforms) = preSolution
		Debug|x64 = Debug|x64
		Debug|x86 = Debug|x86
		Release|x64 = Release|x64
		Release|x86 = Release|x86
	EndGlobalSection
	GlobalSection(ProjectConfigurationPlatforms) = postSolution
		{AF59BB0B-E059-4773-83DC-728A949647DA}.Debug|x64.ActiveCfg = Debug|x64
		{AF59BB0B-E059-4773-83DC-728A949647DA}.Debug|x64.Build.0 = Debug|x64
		{AF59BB0B-E059-4773-83DC-728A949647DA}.Debug|x86.ActiveCfg = Debug|Win32
		{AF59BB0B-E059-4773-83DC-728A949647DA}.Debug|x86.Build.0 = Debug|Win32
		{AF59BB0B-E059-4773-83DC-728A949647DA}.Release|x64.ActiveCfg = Release|x64
		{AF59BB0B-E059-4773-83DC-728A949647DA}.Release|x64.Build.0 = Release|x64
		{AF59BB0B-E059-4773-83DC-728A949647DA}.Release|x86.ActiveCfg = Release|Win32
		{AF59BB0B-E059-4773-83DC-728A949647DA}.Release|x86.Build.0 = Release|Win32
		{DEA49362-B428-4215-8D64-4EA0B4FF0858}.Debug|x64.ActiveCfg = Debug|x64
		{DEA49362-B428-4215-8D64-4EA0B4FF0858}.Debug|x64.Build.0 = Debug|x64
		{DEA49362-B428-4215-8D64-4EA0B4FF0858}.Debug|x86.ActiveCfg = Debug|Win32
		{DEA49362-B428-4215-8D64-4EA0B4FF0858}.Debug|x86.Build.0 = Debug|Win32
		{DEA49362-B428-4215-8D64-4EA0B4FF0858}.Release|x64.ActiveCfg = Release|x64
		{DEA49362-B428-4215-8D64-4EA0B4FF0858}.Release|x64.Build.0 = Release|x64
		{DEA49362-B428-4215-8D64-4EA0B4FF0858}.Release|x86.ActiveCfg = Release|Win32
		{DEA49362-B428-4215-8D64-4EA0B4FF0858}.Release|x86.Build.0 = Release|Win32
		{899DF1EF-E313-4D2D-B191-6AA87554D2A0}.Debug|x64.ActiveCfg = Debug|x64
		{899DF1EF-E313-4D2D-B191-6AA87554D2A0}.Debug|x64.Build.0 = Debug|x64
		{899DF1EF-E313-4D2D-B191-6AA87554D2A0}.Debug|x86.ActiveCfg = Debug|Win32
		{899DF1EF-E313-4D2D-B191-6AA87554D2A0}.Debug|x86.Build.0 = Debug|Win32
		{899DF1EF-E313-4D2D-B191-6AA87554D2A0}.Release|x64.ActiveCfg = Release|x64
		{899DF1EF-E313-4D2D-B191-6AA87554D2A0}.Release|x64.Build.0 = Release|x64
		{899DF1EF-E313-4D2D-B191-6AA87554D2A0}.Release|x86.ActiveCfg = Release|Win32
		{899DF1EF-E313-4D2D-B191-6AA87554D2A0}.Release|x86.Build.0 = Release|Win32
		{85F6AE7A-4C49-48AB-B0A8-B3CEE69BD163}.Debug|x64.ActiveCfg = Debug|x64
		{85F6AE7A-4C49-48AB-B0A8-B3CEE69BD163}.Debug|x64.Build.0 = Debug|x64
		{85F6AE7A-4C49-48AB-B0A8-B3CEE69BD163}.Debug|x86.ActiveCfg = Debug|Win32
		{85F6AE7A-4C49-48AB-B0A8-B3CEE69BD163}.Debug|x86.Build.0 = Debug|Win32
		{85F6AE7A-4C49-48AB-B0A8-B3CEE69BD163}.Release|x64.ActiveCfg = Release|x64
		{85F6AE7A-4C49-48AB-B0A8-B3CEE69BD163}.Release|x64.Build.0 = Release|x64
		{85F6AE7A-4C49-48AB-B0A8-B3CEE69BD163}.Release|x86.ActiveCfg = Release|Win32
		{85F6AE7A-4C49-48AB-B0A8-B3CEE69BD163}.Release|x86.Build.0 = Release|Win32
		{ADA9CF3C-6C12-4F87-B29E-03B12BC62E6F}.Debug|x64.ActiveCfg = Debug|x64
		{ADA9CF3C-6C12-4F87-B29E-03B12BC62E6F}.Debug|x64.Build.0 = Debug|x64
		{ADA9CF3C-6C12-4F87-B29E-03B12BC62E6F}.Debug|x86.ActiveCfg = Debug|Win32
		{ADA9CF3C-6C12-4F87-B29E-03B12BC62E6F}.Debug|x86.Build.0 = Debug|Win32
		{ADA9CF3C-6C12-4F87-B29E-03B12BC62E6F}.Release|x64.ActiveCfg = Release|x64
		{ADA9CF3C-6C12-4F87-B29E-03B12BC62E6F}.Release|x64.Build.0 = Release|x64
		{ADA9CF3C-6C12-4F87-B29E-03B12BC62E6F}.Release|x86.ActiveCfg = Release|Win32
		{ADA9CF3C-6C12-4F87-B29E-03B12BC62E6F}.Release|x86.Build.0 = Release|Win32
		{04A8F603-B1C6-4BD9-AADD-75BE7AEB4AE4}.Debug|x64.ActiveCfg = Debug|x64
		{04A8F603-B1C6-4BD9-AADD-75BE7AEB4AE4}.Debug|x64.Build.0 = Debug|x64
		{04A8F603-B1C6-4BD9-AADD-75BE7AEB4AE4}.Debug|x86.ActiveCfg = Debug|Win32
		{04A8F603-B1C6-4BD9-AADD-75BE7AEB4AE4}.Debug|x86.Build.0 = Debug|Win32
		{04A8F603-B1C6-4BD9-AADD-75BE7AEB4AE4}.Release|x64.ActiveCfg = Release|x64
		{04A8F603-B1C6-4BD9-AADD-75BE7AEB4AE4}.Release|x64.Build.0 = Release|x64
		{04A8F603-B1C6-4BD9-AADD-75BE7AEB4AE4}.Release|x86.ActiveCfg = Release|Win32
		{04A8F603-B1C6-4BD9-AADD-75BE7AEB4AE4}.Release|x86.Build.0 = Release|Win32
		{13CEB06F-9AAD-47C3-AE2C-320EE63E3B88}.Debug|x64.ActiveCfg = Debug|x64
		{13CEB06F-9AAD-47C3-AE2C-320EE63E3B88}.Debug|x64.Build.0 = Debug|x64
		{13CEB06F-9AAD-47C3-AE2C-320EE63E3B88}.Debug|x86.ActiveCfg = Debug|Win32
		{13CEB06F-9AAD-47C3-AE2C-320EE63E3B88}.Debug|x86.Build.0 = Debug|Win32
		{13CEB06F-9AAD-47C3-AE2C-320EE63E3B88}.Release|x64.ActiveCfg = Release|x64
		{13CEB06F-9AAD-47C3-AE2C-320EE63E3B88}.Release|x64.Build.0 = Release|x64
		{13CEB06F-9AAD-47C3-AE2C-320EE63E3B88}.Release|x86.ActiveCfg = Release|Win32
		{13CEB06F-9AAD-47C3-AE2C-320EE63E3B88}.Release|x86.Build.0 = Release|Win32
		{65DF8BAE-31D9-4120-A47E-7F30A0EE3459}.Debug|x64.ActiveCfg = Debug|x64
		{65DF8BAE-31D9-4120-A47E-7F30A0EE3459}.Debug|x64.Build.0 = Debug|x64
		{65DF8BAE-31D9-4120-A47E-7F30A0EE3459}.Debug|x86.ActiveCfg = Debug|Win32
		{65DF8BAE-31D9-4120-A47E-7F30A0EE3459}.Debug|x86.Build.0 = Debug|Win32
		{65DF8BAE-31D9-4120-A47E-7F30A0EE3459}.Release|x64.ActiveCfg = Release|x64
		{65DF8BAE-31D9-4120-A47E-7F30A0EE3459}.Release|x64.Build.0 = Release|x64
		{65DF8BAE-31D9-4120-A47E-7F30A0EE3459}.Release|x86.ActiveCfg = Release|Win32
		{65DF8BAE-31D9-4120-A47E-7F30A0EE3459}.Release|x86.Build.0 = Release|Win32
		{38F6C5D5-DB29-4FD4-94DE-BDCEFDFDA443}.Debug|x64.ActiveCfg = Debug|x64
		{38F6C5D5-DB29-4FD4-94DE-BDCEFDFDA443}.Debug|x64.Build.0 = Debug|x64
		{38F6C5D5-DB29-4FD4-94DE-BDCEFDFDA443}.Debug|x86.ActiveCfg = Debug|Win32
		{38F6C5D5-DB29-4FD4-94DE-BDCEFDFDA443}.Debug|x86.Build.0 = Debug|Win32
		{38F6C5D5-DB29-4FD4-94DE-BDCEFDFDA443}.Release|x64.ActiveCfg = Release|x64
		{38F6C5D5-DB29-4FD4-94DE-BDCEFDFDA443}.Release|x64.Build.0 = Release|x64
		{38F6C5D5-DB29-4FD4-94DE-BDCEFDFDA443}.Release|x86.ActiveCfg = Release|Win32
		{38F6C5D5-DB29-4FD4-94DE-BDCEFDFDA443}.Release|x86.Build.0 = Release|Win32
	EndGlobalSection
	GlobalSection(SolutionProperties) = preSolution
		HideSolutionNode = FALSE
	EndGlobalSection
	GlobalSection(ExtensibilityGlobals) = postSolution
		SolutionGuid = {6559154F-1D29-4308-8D7B-702D101B2E4F}
	EndGlobalSection
EndGlobal
