<?xml version="1.0" encoding="utf-8"?>
<Project ToolsVersion="4.0" xmlns="http://schemas.microsoft.com/developer/msbuild/2003">
  <ItemGroup>
    <Filter Include="Source Files">
      <UniqueIdentifier>{4FC737F1-C7A5-4376-A066-2A32D752A2FF}</UniqueIdentifier>
      <Extensions>cpp;c;cc;cxx;def;odl;idl;hpj;bat;asm;asmx</Extensions>
    </Filter>
    <Filter Include="Header Files">
      <UniqueIdentifier>{93995380-89BD-4b04-88EB-625FBE52EBFB}</UniqueIdentifier>
      <Extensions>h;hh;hpp;hxx;hm;inl;inc;xsd</Extensions>
    </Filter>
    <Filter Include="Resource Files">
      <UniqueIdentifier>{67DA6AB6-F800-4c08-8B7A-83BB121AAD01}</UniqueIdentifier>
      <Extensions>rc;ico;cur;bmp;dlg;rc2;rct;bin;rgs;gif;jpg;jpeg;jpe;resx;tiff;tif;png;wav;mfcribbon-ms</Extensions>
    </Filter>
    <Filter Include="Header Files\Prev Tut Files">
      <UniqueIdentifier>{5cbd2b3c-6909-48f1-a3fa-955f9a57bb8f}</UniqueIdentifier>
    </Filter>
    <Filter Include="Source Files\Prev Tut Files">
      <UniqueIdentifier>{1f4e3098-d069-4b5c-ae57-6bd0571478d2}</UniqueIdentifier>
    </Filter>
    <Filter Include="Source Files\Steering Behaviours">
      <UniqueIdentifier>{7cb2b3d6-bfce-453f-b19c-900418f524b5}</UniqueIdentifier>
    </Filter>
    <Filter Include="Header Files\Steering Behaviours">
      <UniqueIdentifier>{d1995598-46bc-4681-a79a-ed337efd9073}</UniqueIdentifier>
    </Filter>
  </ItemGroup>
  <ItemGroup>
    <ClCompile Include="Tutorial___Steering_BehavioursApp.cpp">
      <Filter>Source Files</Filter>
    </ClCompile>
    <ClCompile Include="main.cpp">
      <Filter>Source Files</Filter>
    </ClCompile>
    <ClCompile Include="AttackState.cpp">
      <Filter>Source Files\Prev Tut Files</Filter>
    </ClCompile>
    <ClCompile Include="Behaviour.cpp">
      <Filter>Source Files\Prev Tut Files</Filter>
    </ClCompile>
    <ClCompile Include="Condition.cpp">
      <Filter>Source Files\Prev Tut Files</Filter>
    </ClCompile>
    <ClCompile Include="FiniteStateMachine.cpp">
      <Filter>Source Files\Prev Tut Files</Filter>
    </ClCompile>
    <ClCompile Include="FollowBehaviour.cpp">
      <Filter>Source Files\Prev Tut Files</Filter>
    </ClCompile>
    <ClCompile Include="IdleState.cpp">
      <Filter>Source Files\Prev Tut Files</Filter>
    </ClCompile>
    <ClCompile Include="KeyboardBehaviour.cpp">
      <Filter>Source Files\Prev Tut Files</Filter>
    </ClCompile>
    <ClCompile Include="State.cpp">
      <Filter>Source Files\Prev Tut Files</Filter>
    </ClCompile>
    <ClCompile Include="Transition.cpp">
      <Filter>Source Files\Prev Tut Files</Filter>
    </ClCompile>
    <ClCompile Include="WithinRangeCondition.cpp">
      <Filter>Source Files\Prev Tut Files</Filter>
    </ClCompile>
    <ClCompile Include="Agent.cpp">
      <Filter>Source Files</Filter>
    </ClCompile>
    <ClCompile Include="GameObject.cpp">
      <Filter>Source Files</Filter>
    </ClCompile>
    <ClCompile Include="SteeringForce.cpp">
      <Filter>Source Files</Filter>
    </ClCompile>
    <ClCompile Include="SteeringBehaviour.cpp">
      <Filter>Source Files</Filter>
    </ClCompile>
    <ClCompile Include="FleeForce.cpp">
      <Filter>Source Files\Steering Behaviours</Filter>
    </ClCompile>
    <ClCompile Include="SeekForce.cpp">
      <Filter>Source Files\Steering Behaviours</Filter>
    </ClCompile>
    <ClCompile Include="PursueForce.cpp">
      <Filter>Source Files\Steering Behaviours</Filter>
    </ClCompile>
    <ClCompile Include="EvadeForce.cpp">
      <Filter>Source Files\Steering Behaviours</Filter>
    </ClCompile>
    <ClCompile Include="WanderForce.cpp">
      <Filter>Source Files</Filter>
    </ClCompile>
  </ItemGroup>
  <ItemGroup>
    <ClInclude Include="Tutorial___Steering_BehavioursApp.h">
      <Filter>Header Files</Filter>
    </ClInclude>
    <ClInclude Include="AttackState.h">
      <Filter>Header Files\Prev Tut Files</Filter>
    </ClInclude>
    <ClInclude Include="Behaviour.h">
      <Filter>Header Files\Prev Tut Files</Filter>
    </ClInclude>
    <ClInclude Include="Condition.h">
      <Filter>Header Files\Prev Tut Files</Filter>
    </ClInclude>
    <ClInclude Include="FiniteStateMachine.h">
      <Filter>Header Files\Prev Tut Files</Filter>
    </ClInclude>
    <ClInclude Include="FollowBehaviour.h">
      <Filter>Header Files\Prev Tut Files</Filter>
    </ClInclude>
    <ClInclude Include="IdleState.h">
      <Filter>Header Files\Prev Tut Files</Filter>
    </ClInclude>
    <ClInclude Include="KeyboardBehaviour.h">
      <Filter>Header Files\Prev Tut Files</Filter>
    </ClInclude>
    <ClInclude Include="State.h">
      <Filter>Header Files\Prev Tut Files</Filter>
    </ClInclude>
    <ClInclude Include="Transition.h">
      <Filter>Header Files\Prev Tut Files</Filter>
    </ClInclude>
    <ClInclude Include="WithinRangeCondition.h">
      <Filter>Header Files\Prev Tut Files</Filter>
    </ClInclude>
    <ClInclude Include="Agent.h">
      <Filter>Header Files</Filter>
    </ClInclude>
    <ClInclude Include="GameObject.h">
      <Filter>Header Files</Filter>
    </ClInclude>
    <ClInclude Include="SteeringForce.h">
      <Filter>Header Files</Filter>
    </ClInclude>
    <ClInclude Include="SteeringBehaviour.h">
      <Filter>Header Files</Filter>
    </ClInclude>
    <ClInclude Include="FleeForce.h">
      <Filter>Header Files\Steering Behaviours</Filter>
    </ClInclude>
    <ClInclude Include="SeekForce.h">
      <Filter>Header Files\Steering Behaviours</Filter>
    </ClInclude>
    <ClInclude Include="PursueForce.h">
      <Filter>Header Files\Steering Behaviours</Filter>
    </ClInclude>
    <ClInclude Include="EvadeForce.h">
      <Filter>Header Files\Steering Behaviours</Filter>
    </ClInclude>
    <ClInclude Include="WanderForce.h">
      <Filter>Header Files</Filter>
    </ClInclude>
  </ItemGroup>
</Project>